
Microsoft Visual Studio Solution File, Format Version 12.00
# Visual Studio Version 17
VisualStudioVersion = 17.5.002.0
MinimumVisualStudioVersion = 10.0.40219.1
Project("{9A19103F-16F7-4668-BE54-9A1E7A4F7556}") = "7.WeatherAPI", "7.WeatherAPI.csproj", "{A8422562-D75A-484E-B17D-2201A81F8463}"
EndProject
Global
	GlobalSection(SolutionConfigurationPlatforms) = preSolution
		Debug|Any CPU = Debug|Any CPU
		Release|Any CPU = Release|Any CPU
	EndGlobalSection
	GlobalSection(ProjectConfigurationPlatforms) = postSolution
		{A8422562-D75A-484E-B17D-2201A81F8463}.Debug|Any CPU.ActiveCfg = Debug|Any CPU
		{A8422562-D75A-484E-B17D-2201A81F8463}.Debug|Any CPU.Build.0 = Debug|Any CPU
		{A8422562-D75A-484E-B17D-2201A81F8463}.Release|Any CPU.ActiveCfg = Release|Any CPU
		{A8422562-D75A-484E-B17D-2201A81F8463}.Release|Any CPU.Build.0 = Release|Any CPU
	EndGlobalSection
	GlobalSection(SolutionProperties) = preSolution
		HideSolutionNode = FALSE
	EndGlobalSection
	GlobalSection(ExtensibilityGlobals) = postSolution
		SolutionGuid = {0FBA6C81-B2E8-459D-A73A-87321CA89DA4}
	EndGlobalSection
EndGlobal
